PODS:
  - HMBluetooth (0.1.3):
    - MPBluetoothKit (~> 0.1.0)
  - MPBluetoothKit (0.1.0)

DEPENDENCIES:
  - HMBluetooth (from `../`)
  - MPBluetoothKit (~> 0.1.0)

EXTERNAL SOURCES:
  HMBluetooth:
    :path: "../"

SPEC CHECKSUMS:
  HMBluetooth: 281c642b3e3096da90ba7a538acabdbc47b54ab7
  MPBluetoothKit: 40f9e1c3cf9f5d7357f344560015b8c8cc7f5b53

PODFILE CHECKSUM: 456c53492982c8d5f4467fc5026c2a6600122294

COCOAPODS: 1.0.1
